// !$*UTF8*$!
{
	archiveVersion = 1;
	classes = {
	};
	objectVersion = 56;
	objects = {

/* Begin PBXBuildFile section */
		32428BA32A4136DF0075D47B /* Utils.swift in Sources */ = {isa = PBXBuildFile; fileRef = 32428BA22A4136DF0075D47B /* Utils.swift */; };
		32ADBE382A452D2300040157 /* KeybaordView.swift in Sources */ = {isa = PBXBuildFile; fileRef = 32ADBE372A452D2300040157 /* KeybaordView.swift */; };
		32ADBE3B2A45511900040157 /* CardValidateRiskView.swift in Sources */ = {isa = PBXBuildFile; fileRef = 32ADBE3A2A45511900040157 /* CardValidateRiskView.swift */; };
		32ADBE3D2A45516700040157 /* AddSpentButton.swift in Sources */ = {isa = PBXBuildFile; fileRef = 32ADBE3C2A45516700040157 /* AddSpentButton.swift */; };
		32ADBE3F2A4551A100040157 /* CalculateSpentTopBar.swift in Sources */ = {isa = PBXBuildFile; fileRef = 32ADBE3E2A4551A100040157 /* CalculateSpentTopBar.swift */; };
		32ADBE412A4551F600040157 /* CardCalculateAndInfoView.swift in Sources */ = {isa = PBXBuildFile; fileRef = 32ADBE402A4551F600040157 /* CardCalculateAndInfoView.swift */; };
		32ADBE442A4558A700040157 /* DetailsHowMuchOwe.swift in Sources */ = {isa = PBXBuildFile; fileRef = 32ADBE432A4558A700040157 /* DetailsHowMuchOwe.swift */; };
		32ADBE462A4559B500040157 /* SmallLoan.swift in Sources */ = {isa = PBXBuildFile; fileRef = 32ADBE452A4559B500040157 /* SmallLoan.swift */; };
		32ADBE482A455A9300040157 /* Loan.swift in Sources */ = {isa = PBXBuildFile; fileRef = 32ADBE472A455A9300040157 /* Loan.swift */; };
		32ADBE722A46676900040157 /* ImageByName.swift in Sources */ = {isa = PBXBuildFile; fileRef = 32ADBE712A46676900040157 /* ImageByName.swift */; };
		32ADBE752A469D8B00040157 /* DetailsHowMuchOweTopBar.swift in Sources */ = {isa = PBXBuildFile; fileRef = 32ADBE742A469D8B00040157 /* DetailsHowMuchOweTopBar.swift */; };
		32ADBE772A469E1800040157 /* ImageAndPersonNameView.swift in Sources */ = {isa = PBXBuildFile; fileRef = 32ADBE762A469E1700040157 /* ImageAndPersonNameView.swift */; };
		32ADBE792A469F9B00040157 /* AmountInformationView.swift in Sources */ = {isa = PBXBuildFile; fileRef = 32ADBE782A469F9B00040157 /* AmountInformationView.swift */; };
		32ADBE7B2A46A0DA00040157 /* PaymentMethodsView.swift in Sources */ = {isa = PBXBuildFile; fileRef = 32ADBE7A2A46A0DA00040157 /* PaymentMethodsView.swift */; };
		32ADBE7D2A46A19A00040157 /* DragConfirmButton.swift in Sources */ = {isa = PBXBuildFile; fileRef = 32ADBE7C2A46A19A00040157 /* DragConfirmButton.swift */; };
		32ADBE812A46B16A00040157 /* SuccessView.swift in Sources */ = {isa = PBXBuildFile; fileRef = 32ADBE802A46B16A00040157 /* SuccessView.swift */; };
		32ADBE832A46B17C00040157 /* FailureView.swift in Sources */ = {isa = PBXBuildFile; fileRef = 32ADBE822A46B17C00040157 /* FailureView.swift */; };
		32E183822BB6045B00BC6D4A /* EnrollmentScreen.swift in Sources */ = {isa = PBXBuildFile; fileRef = 32E183812BB6045B00BC6D4A /* EnrollmentScreen.swift */; };
		32E183842BB66DB200BC6D4A /* RegisterScreen.swift in Sources */ = {isa = PBXBuildFile; fileRef = 32E183832BB66DB100BC6D4A /* RegisterScreen.swift */; };
		32E183872BB673A700BC6D4A /* EnrollmentTopBar.swift in Sources */ = {isa = PBXBuildFile; fileRef = 32E183862BB673A700BC6D4A /* EnrollmentTopBar.swift */; };
		32E183892BB676D700BC6D4A /* FormEnrollmentView.swift in Sources */ = {isa = PBXBuildFile; fileRef = 32E183882BB676D700BC6D4A /* FormEnrollmentView.swift */; };
		32E1838B2BB6785E00BC6D4A /* RegisterTopBar.swift in Sources */ = {isa = PBXBuildFile; fileRef = 32E1838A2BB6785E00BC6D4A /* RegisterTopBar.swift */; };
		32E753EB2A3E772C0083E342 /* ManuApp.swift in Sources */ = {isa = PBXBuildFile; fileRef = 32E753EA2A3E772C0083E342 /* ManuApp.swift */; };
		32E753EF2A3E772E0083E342 /* Assets.xcassets in Resources */ = {isa = PBXBuildFile; fileRef = 32E753EE2A3E772E0083E342 /* Assets.xcassets */; };
		32E753F22A3E772E0083E342 /* Preview Assets.xcassets in Resources */ = {isa = PBXBuildFile; fileRef = 32E753F12A3E772E0083E342 /* Preview Assets.xcassets */; };
		32E753FC2A3E81910083E342 /* MontserratAlternates-Medium.ttf in Resources */ = {isa = PBXBuildFile; fileRef = 32E753F82A3E81910083E342 /* MontserratAlternates-Medium.ttf */; };
		32E753FD2A3E81910083E342 /* MontserratAlternates-Light.ttf in Resources */ = {isa = PBXBuildFile; fileRef = 32E753F92A3E81910083E342 /* MontserratAlternates-Light.ttf */; };
		32E753FE2A3E81910083E342 /* MontserratAlternates-Bold.ttf in Resources */ = {isa = PBXBuildFile; fileRef = 32E753FA2A3E81910083E342 /* MontserratAlternates-Bold.ttf */; };
		32E753FF2A3E81910083E342 /* MontserratAlternates-Regular.ttf in Resources */ = {isa = PBXBuildFile; fileRef = 32E753FB2A3E81910083E342 /* MontserratAlternates-Regular.ttf */; };
		32E754022A3E82A20083E342 /* GeneralComponents.swift in Sources */ = {isa = PBXBuildFile; fileRef = 32E754012A3E82A20083E342 /* GeneralComponents.swift */; };
		32E754042A3EC5690083E342 /* Constants.swift in Sources */ = {isa = PBXBuildFile; fileRef = 32E754032A3EC5690083E342 /* Constants.swift */; };
		32E754062A3F6EF50083E342 /* CustomTabBar.swift in Sources */ = {isa = PBXBuildFile; fileRef = 32E754052A3F6EF50083E342 /* CustomTabBar.swift */; };
		32E754082A3F7CBD0083E342 /* CalculateExpenseView.swift in Sources */ = {isa = PBXBuildFile; fileRef = 32E754072A3F7CBC0083E342 /* CalculateExpenseView.swift */; };
		32E7540A2A3F7CDC0083E342 /* BalanceView.swift in Sources */ = {isa = PBXBuildFile; fileRef = 32E754092A3F7CDC0083E342 /* BalanceView.swift */; };
		32E7540F2A3F7D730083E342 /* MonthlyPayment.swift in Sources */ = {isa = PBXBuildFile; fileRef = 32E7540E2A3F7D730083E342 /* MonthlyPayment.swift */; };
		32E754132A3F96D80083E342 /* HeaderView.swift in Sources */ = {isa = PBXBuildFile; fileRef = 32E754122A3F96D80083E342 /* HeaderView.swift */; };
		32E754152A3F974B0083E342 /* CardBalanceView.swift in Sources */ = {isa = PBXBuildFile; fileRef = 32E754142A3F974B0083E342 /* CardBalanceView.swift */; };
		32E754172A3F97710083E342 /* OperationsView.swift in Sources */ = {isa = PBXBuildFile; fileRef = 32E754162A3F97710083E342 /* OperationsView.swift */; };
		32E754192A3F98090083E342 /* SectionMonthlyPaymentsView.swift in Sources */ = {isa = PBXBuildFile; fileRef = 32E754182A3F98090083E342 /* SectionMonthlyPaymentsView.swift */; };
		32E7541D2A3FD9AA0083E342 /* Fruit.swift in Sources */ = {isa = PBXBuildFile; fileRef = 32E7541C2A3FD9AA0083E342 /* Fruit.swift */; };
		32E754202A3FDA310083E342 /* FruitsViewModel.swift in Sources */ = {isa = PBXBuildFile; fileRef = 32E7541F2A3FDA310083E342 /* FruitsViewModel.swift */; };
		32E754222A3FF69B0083E342 /* WhoDoYouOweView.swift in Sources */ = {isa = PBXBuildFile; fileRef = 32E754212A3FF69B0083E342 /* WhoDoYouOweView.swift */; };
		32E754242A4004E00083E342 /* CustomComponents.swift in Sources */ = {isa = PBXBuildFile; fileRef = 32E754232A4004DF0083E342 /* CustomComponents.swift */; };
/* End PBXBuildFile section */

/* Begin PBXFileReference section */
		32428BA22A4136DF0075D47B /* Utils.swift */ = {isa = PBXFileReference; lastKnownFileType = sourcecode.swift; path = Utils.swift; sourceTree = "<group>"; };
		32ADBE372A452D2300040157 /* KeybaordView.swift */ = {isa = PBXFileReference; lastKnownFileType = sourcecode.swift; path = KeybaordView.swift; sourceTree = "<group>"; };
		32ADBE3A2A45511900040157 /* CardValidateRiskView.swift */ = {isa = PBXFileReference; lastKnownFileType = sourcecode.swift; path = CardValidateRiskView.swift; sourceTree = "<group>"; };
		32ADBE3C2A45516700040157 /* AddSpentButton.swift */ = {isa = PBXFileReference; lastKnownFileType = sourcecode.swift; path = AddSpentButton.swift; sourceTree = "<group>"; };
		32ADBE3E2A4551A100040157 /* CalculateSpentTopBar.swift */ = {isa = PBXFileReference; lastKnownFileType = sourcecode.swift; path = CalculateSpentTopBar.swift; sourceTree = "<group>"; };
		32ADBE402A4551F600040157 /* CardCalculateAndInfoView.swift */ = {isa = PBXFileReference; lastKnownFileType = sourcecode.swift; path = CardCalculateAndInfoView.swift; sourceTree = "<group>"; };
		32ADBE432A4558A700040157 /* DetailsHowMuchOwe.swift */ = {isa = PBXFileReference; lastKnownFileType = sourcecode.swift; path = DetailsHowMuchOwe.swift; sourceTree = "<group>"; };
		32ADBE452A4559B500040157 /* SmallLoan.swift */ = {isa = PBXFileReference; lastKnownFileType = sourcecode.swift; path = SmallLoan.swift; sourceTree = "<group>"; };
		32ADBE472A455A9300040157 /* Loan.swift */ = {isa = PBXFileReference; lastKnownFileType = sourcecode.swift; path = Loan.swift; sourceTree = "<group>"; };
		32ADBE712A46676900040157 /* ImageByName.swift */ = {isa = PBXFileReference; lastKnownFileType = sourcecode.swift; path = ImageByName.swift; sourceTree = "<group>"; };
		32ADBE742A469D8B00040157 /* DetailsHowMuchOweTopBar.swift */ = {isa = PBXFileReference; lastKnownFileType = sourcecode.swift; path = DetailsHowMuchOweTopBar.swift; sourceTree = "<group>"; };
		32ADBE762A469E1700040157 /* ImageAndPersonNameView.swift */ = {isa = PBXFileReference; lastKnownFileType = sourcecode.swift; path = ImageAndPersonNameView.swift; sourceTree = "<group>"; };
		32ADBE782A469F9B00040157 /* AmountInformationView.swift */ = {isa = PBXFileReference; lastKnownFileType = sourcecode.swift; path = AmountInformationView.swift; sourceTree = "<group>"; };
		32ADBE7A2A46A0DA00040157 /* PaymentMethodsView.swift */ = {isa = PBXFileReference; lastKnownFileType = sourcecode.swift; path = PaymentMethodsView.swift; sourceTree = "<group>"; };
		32ADBE7C2A46A19A00040157 /* DragConfirmButton.swift */ = {isa = PBXFileReference; lastKnownFileType = sourcecode.swift; path = DragConfirmButton.swift; sourceTree = "<group>"; };
		32ADBE802A46B16A00040157 /* SuccessView.swift */ = {isa = PBXFileReference; lastKnownFileType = sourcecode.swift; path = SuccessView.swift; sourceTree = "<group>"; };
		32ADBE822A46B17C00040157 /* FailureView.swift */ = {isa = PBXFileReference; lastKnownFileType = sourcecode.swift; path = FailureView.swift; sourceTree = "<group>"; };
		32E183812BB6045B00BC6D4A /* EnrollmentScreen.swift */ = {isa = PBXFileReference; lastKnownFileType = sourcecode.swift; path = EnrollmentScreen.swift; sourceTree = "<group>"; };
		32E183832BB66DB100BC6D4A /* RegisterScreen.swift */ = {isa = PBXFileReference; lastKnownFileType = sourcecode.swift; path = RegisterScreen.swift; sourceTree = "<group>"; };
		32E183862BB673A700BC6D4A /* EnrollmentTopBar.swift */ = {isa = PBXFileReference; lastKnownFileType = sourcecode.swift; path = EnrollmentTopBar.swift; sourceTree = "<group>"; };
		32E183882BB676D700BC6D4A /* FormEnrollmentView.swift */ = {isa = PBXFileReference; lastKnownFileType = sourcecode.swift; path = FormEnrollmentView.swift; sourceTree = "<group>"; };
		32E1838A2BB6785E00BC6D4A /* RegisterTopBar.swift */ = {isa = PBXFileReference; lastKnownFileType = sourcecode.swift; path = RegisterTopBar.swift; sourceTree = "<group>"; };
		32E753E72A3E772C0083E342 /* Manu.app */ = {isa = PBXFileReference; explicitFileType = wrapper.application; includeInIndex = 0; path = Manu.app; sourceTree = BUILT_PRODUCTS_DIR; };
		32E753EA2A3E772C0083E342 /* ManuApp.swift */ = {isa = PBXFileReference; lastKnownFileType = sourcecode.swift; path = ManuApp.swift; sourceTree = "<group>"; };
		32E753EE2A3E772E0083E342 /* Assets.xcassets */ = {isa = PBXFileReference; lastKnownFileType = folder.assetcatalog; path = Assets.xcassets; sourceTree = "<group>"; };
		32E753F12A3E772E0083E342 /* Preview Assets.xcassets */ = {isa = PBXFileReference; lastKnownFileType = folder.assetcatalog; path = "Preview Assets.xcassets"; sourceTree = "<group>"; };
		32E753F82A3E81910083E342 /* MontserratAlternates-Medium.ttf */ = {isa = PBXFileReference; lastKnownFileType = file; path = "MontserratAlternates-Medium.ttf"; sourceTree = "<group>"; };
		32E753F92A3E81910083E342 /* MontserratAlternates-Light.ttf */ = {isa = PBXFileReference; lastKnownFileType = file; path = "MontserratAlternates-Light.ttf"; sourceTree = "<group>"; };
		32E753FA2A3E81910083E342 /* MontserratAlternates-Bold.ttf */ = {isa = PBXFileReference; lastKnownFileType = file; path = "MontserratAlternates-Bold.ttf"; sourceTree = "<group>"; };
		32E753FB2A3E81910083E342 /* MontserratAlternates-Regular.ttf */ = {isa = PBXFileReference; lastKnownFileType = file; path = "MontserratAlternates-Regular.ttf"; sourceTree = "<group>"; };
		32E754002A3E81E40083E342 /* Info.plist */ = {isa = PBXFileReference; lastKnownFileType = text.plist; path = Info.plist; sourceTree = "<group>"; };
		32E754012A3E82A20083E342 /* GeneralComponents.swift */ = {isa = PBXFileReference; lastKnownFileType = sourcecode.swift; path = GeneralComponents.swift; sourceTree = "<group>"; };
		32E754032A3EC5690083E342 /* Constants.swift */ = {isa = PBXFileReference; lastKnownFileType = sourcecode.swift; path = Constants.swift; sourceTree = "<group>"; };
		32E754052A3F6EF50083E342 /* CustomTabBar.swift */ = {isa = PBXFileReference; lastKnownFileType = sourcecode.swift; path = CustomTabBar.swift; sourceTree = "<group>"; };
		32E754072A3F7CBC0083E342 /* CalculateExpenseView.swift */ = {isa = PBXFileReference; lastKnownFileType = sourcecode.swift; path = CalculateExpenseView.swift; sourceTree = "<group>"; };
		32E754092A3F7CDC0083E342 /* BalanceView.swift */ = {isa = PBXFileReference; lastKnownFileType = sourcecode.swift; path = BalanceView.swift; sourceTree = "<group>"; };
		32E7540E2A3F7D730083E342 /* MonthlyPayment.swift */ = {isa = PBXFileReference; lastKnownFileType = sourcecode.swift; path = MonthlyPayment.swift; sourceTree = "<group>"; };
		32E754122A3F96D80083E342 /* HeaderView.swift */ = {isa = PBXFileReference; lastKnownFileType = sourcecode.swift; path = HeaderView.swift; sourceTree = "<group>"; };
		32E754142A3F974B0083E342 /* CardBalanceView.swift */ = {isa = PBXFileReference; lastKnownFileType = sourcecode.swift; path = CardBalanceView.swift; sourceTree = "<group>"; };
		32E754162A3F97710083E342 /* OperationsView.swift */ = {isa = PBXFileReference; lastKnownFileType = sourcecode.swift; path = OperationsView.swift; sourceTree = "<group>"; };
		32E754182A3F98090083E342 /* SectionMonthlyPaymentsView.swift */ = {isa = PBXFileReference; lastKnownFileType = sourcecode.swift; path = SectionMonthlyPaymentsView.swift; sourceTree = "<group>"; };
		32E7541C2A3FD9AA0083E342 /* Fruit.swift */ = {isa = PBXFileReference; lastKnownFileType = sourcecode.swift; path = Fruit.swift; sourceTree = "<group>"; };
		32E7541F2A3FDA310083E342 /* FruitsViewModel.swift */ = {isa = PBXFileReference; lastKnownFileType = sourcecode.swift; path = FruitsViewModel.swift; sourceTree = "<group>"; };
		32E754212A3FF69B0083E342 /* WhoDoYouOweView.swift */ = {isa = PBXFileReference; lastKnownFileType = sourcecode.swift; path = WhoDoYouOweView.swift; sourceTree = "<group>"; };
		32E754232A4004DF0083E342 /* CustomComponents.swift */ = {isa = PBXFileReference; lastKnownFileType = sourcecode.swift; path = CustomComponents.swift; sourceTree = "<group>"; };
/* End PBXFileReference section */

/* Begin PBXFrameworksBuildPhase section */
		32E753E42A3E772C0083E342 /* Frameworks */ = {
			isa = PBXFrameworksBuildPhase;
			buildActionMask = 2147483647;
			files = (
			);
			runOnlyForDeploymentPostprocessing = 0;
		};
/* End PBXFrameworksBuildPhase section */

/* Begin PBXGroup section */
		32ADBE352A452D0000040157 /* Components */ = {
			isa = PBXGroup;
			children = (
				32E754012A3E82A20083E342 /* GeneralComponents.swift */,
				32E754232A4004DF0083E342 /* CustomComponents.swift */,
				32ADBE372A452D2300040157 /* KeybaordView.swift */,
				32ADBE712A46676900040157 /* ImageByName.swift */,
				32ADBE802A46B16A00040157 /* SuccessView.swift */,
				32ADBE822A46B17C00040157 /* FailureView.swift */,
			);
			path = Components;
			sourceTree = "<group>";
		};
		32ADBE362A452D0800040157 /* Constants */ = {
			isa = PBXGroup;
			children = (
				32E754032A3EC5690083E342 /* Constants.swift */,
			);
			path = Constants;
			sourceTree = "<group>";
		};
		32ADBE392A4550CC00040157 /* Subviews */ = {
			isa = PBXGroup;
			children = (
				32ADBE3A2A45511900040157 /* CardValidateRiskView.swift */,
				32ADBE3C2A45516700040157 /* AddSpentButton.swift */,
				32ADBE3E2A4551A100040157 /* CalculateSpentTopBar.swift */,
				32ADBE402A4551F600040157 /* CardCalculateAndInfoView.swift */,
			);
			path = Subviews;
			sourceTree = "<group>";
		};
		32ADBE422A45588500040157 /* DetailsHowMuchOwe */ = {
			isa = PBXGroup;
			children = (
				32ADBE432A4558A700040157 /* DetailsHowMuchOwe.swift */,
				32ADBE732A469CD900040157 /* Subviews */,
			);
			path = DetailsHowMuchOwe;
			sourceTree = "<group>";
		};
		32ADBE732A469CD900040157 /* Subviews */ = {
			isa = PBXGroup;
			children = (
				32ADBE742A469D8B00040157 /* DetailsHowMuchOweTopBar.swift */,
				32ADBE762A469E1700040157 /* ImageAndPersonNameView.swift */,
				32ADBE782A469F9B00040157 /* AmountInformationView.swift */,
				32ADBE7A2A46A0DA00040157 /* PaymentMethodsView.swift */,
				32ADBE7C2A46A19A00040157 /* DragConfirmButton.swift */,
			);
			path = Subviews;
			sourceTree = "<group>";
		};
		32E183802BB6043D00BC6D4A /* Enrollment */ = {
			isa = PBXGroup;
			children = (
				32E183812BB6045B00BC6D4A /* EnrollmentScreen.swift */,
				32E183832BB66DB100BC6D4A /* RegisterScreen.swift */,
				32E183852BB672B900BC6D4A /* Subviews */,
			);
			path = Enrollment;
			sourceTree = "<group>";
		};
		32E183852BB672B900BC6D4A /* Subviews */ = {
			isa = PBXGroup;
			children = (
				32E183862BB673A700BC6D4A /* EnrollmentTopBar.swift */,
				32E183882BB676D700BC6D4A /* FormEnrollmentView.swift */,
				32E1838A2BB6785E00BC6D4A /* RegisterTopBar.swift */,
			);
			path = Subviews;
			sourceTree = "<group>";
		};
		32E753DE2A3E772C0083E342 = {
			isa = PBXGroup;
			children = (
				32E753E92A3E772C0083E342 /* Manu */,
				32E753E82A3E772C0083E342 /* Products */,
			);
			sourceTree = "<group>";
		};
		32E753E82A3E772C0083E342 /* Products */ = {
			isa = PBXGroup;
			children = (
				32E753E72A3E772C0083E342 /* Manu.app */,
			);
			name = Products;
			sourceTree = "<group>";
		};
		32E753E92A3E772C0083E342 /* Manu */ = {
			isa = PBXGroup;
			children = (
				32E7541E2A3FDA1E0083E342 /* ViewModels */,
				32E7541B2A3FCCD80083E342 /* Fonts */,
				32E7540D2A3F7D510083E342 /* Entities */,
				32E7540C2A3F7D070083E342 /* General */,
				32E7540B2A3F7CE40083E342 /* Modules */,
				32E754002A3E81E40083E342 /* Info.plist */,
				32E753EA2A3E772C0083E342 /* ManuApp.swift */,
				32E754052A3F6EF50083E342 /* CustomTabBar.swift */,
				32E753EE2A3E772E0083E342 /* Assets.xcassets */,
				32E753F02A3E772E0083E342 /* Preview Content */,
			);
			path = Manu;
			sourceTree = "<group>";
		};
		32E753F02A3E772E0083E342 /* Preview Content */ = {
			isa = PBXGroup;
			children = (
				32E753F12A3E772E0083E342 /* Preview Assets.xcassets */,
			);
			path = "Preview Content";
			sourceTree = "<group>";
		};
		32E7540B2A3F7CE40083E342 /* Modules */ = {
			isa = PBXGroup;
			children = (
				32E183802BB6043D00BC6D4A /* Enrollment */,
				32ADBE422A45588500040157 /* DetailsHowMuchOwe */,
				32E7541A2A3FCCC00083E342 /* CalculateExpense */,
				32E754102A3F96910083E342 /* Balance */,
			);
			path = Modules;
			sourceTree = "<group>";
		};
		32E7540C2A3F7D070083E342 /* General */ = {
			isa = PBXGroup;
			children = (
				32ADBE362A452D0800040157 /* Constants */,
				32ADBE352A452D0000040157 /* Components */,
				32428BA22A4136DF0075D47B /* Utils.swift */,
			);
			path = General;
			sourceTree = "<group>";
		};
		32E7540D2A3F7D510083E342 /* Entities */ = {
			isa = PBXGroup;
			children = (
				32E7540E2A3F7D730083E342 /* MonthlyPayment.swift */,
				32E7541C2A3FD9AA0083E342 /* Fruit.swift */,
				32ADBE452A4559B500040157 /* SmallLoan.swift */,
				32ADBE472A455A9300040157 /* Loan.swift */,
			);
			path = Entities;
			sourceTree = "<group>";
		};
		32E754102A3F96910083E342 /* Balance */ = {
			isa = PBXGroup;
			children = (
				32E754092A3F7CDC0083E342 /* BalanceView.swift */,
				32E754112A3F96A10083E342 /* Subviews */,
			);
			path = Balance;
			sourceTree = "<group>";
		};
		32E754112A3F96A10083E342 /* Subviews */ = {
			isa = PBXGroup;
			children = (
				32E754122A3F96D80083E342 /* HeaderView.swift */,
				32E754142A3F974B0083E342 /* CardBalanceView.swift */,
				32E754162A3F97710083E342 /* OperationsView.swift */,
				32E754182A3F98090083E342 /* SectionMonthlyPaymentsView.swift */,
				32E754212A3FF69B0083E342 /* WhoDoYouOweView.swift */,
			);
			path = Subviews;
			sourceTree = "<group>";
		};
		32E7541A2A3FCCC00083E342 /* CalculateExpense */ = {
			isa = PBXGroup;
			children = (
				32E754072A3F7CBC0083E342 /* CalculateExpenseView.swift */,
				32ADBE392A4550CC00040157 /* Subviews */,
			);
			path = CalculateExpense;
			sourceTree = "<group>";
		};
		32E7541B2A3FCCD80083E342 /* Fonts */ = {
			isa = PBXGroup;
			children = (
				32E753FA2A3E81910083E342 /* MontserratAlternates-Bold.ttf */,
				32E753F92A3E81910083E342 /* MontserratAlternates-Light.ttf */,
				32E753F82A3E81910083E342 /* MontserratAlternates-Medium.ttf */,
				32E753FB2A3E81910083E342 /* MontserratAlternates-Regular.ttf */,
			);
			path = Fonts;
			sourceTree = "<group>";
		};
		32E7541E2A3FDA1E0083E342 /* ViewModels */ = {
			isa = PBXGroup;
			children = (
				32E7541F2A3FDA310083E342 /* FruitsViewModel.swift */,
			);
			path = ViewModels;
			sourceTree = "<group>";
		};
/* End PBXGroup section */

/* Begin PBXNativeTarget section */
		32E753E62A3E772C0083E342 /* Manu */ = {
			isa = PBXNativeTarget;
			buildConfigurationList = 32E753F52A3E772E0083E342 /* Build configuration list for PBXNativeTarget "Manu" */;
			buildPhases = (
				32E753E32A3E772C0083E342 /* Sources */,
				32E753E42A3E772C0083E342 /* Frameworks */,
				32E753E52A3E772C0083E342 /* Resources */,
			);
			buildRules = (
			);
			dependencies = (
			);
			name = Manu;
			productName = Manu;
			productReference = 32E753E72A3E772C0083E342 /* Manu.app */;
			productType = "com.apple.product-type.application";
		};
/* End PBXNativeTarget section */

/* Begin PBXProject section */
		32E753DF2A3E772C0083E342 /* Project object */ = {
			isa = PBXProject;
			attributes = {
				BuildIndependentTargetsInParallel = 1;
				LastSwiftUpdateCheck = 1430;
				LastUpgradeCheck = 1430;
				TargetAttributes = {
					32E753E62A3E772C0083E342 = {
						CreatedOnToolsVersion = 14.3;
					};
				};
			};
			buildConfigurationList = 32E753E22A3E772C0083E342 /* Build configuration list for PBXProject "Manu" */;
			compatibilityVersion = "Xcode 14.0";
			developmentRegion = en;
			hasScannedForEncodings = 0;
			knownRegions = (
				en,
				Base,
			);
			mainGroup = 32E753DE2A3E772C0083E342;
			productRefGroup = 32E753E82A3E772C0083E342 /* Products */;
			projectDirPath = "";
			projectRoot = "";
			targets = (
				32E753E62A3E772C0083E342 /* Manu */,
			);
		};
/* End PBXProject section */

/* Begin PBXResourcesBuildPhase section */
		32E753E52A3E772C0083E342 /* Resources */ = {
			isa = PBXResourcesBuildPhase;
			buildActionMask = 2147483647;
			files = (
				32E753F22A3E772E0083E342 /* Preview Assets.xcassets in Resources */,
				32E753FD2A3E81910083E342 /* MontserratAlternates-Light.ttf in Resources */,
				32E753FC2A3E81910083E342 /* MontserratAlternates-Medium.ttf in Resources */,
				32E753EF2A3E772E0083E342 /* Assets.xcassets in Resources */,
				32E753FF2A3E81910083E342 /* MontserratAlternates-Regular.ttf in Resources */,
				32E753FE2A3E81910083E342 /* MontserratAlternates-Bold.ttf in Resources */,
			);
			runOnlyForDeploymentPostprocessing = 0;
		};
/* End PBXResourcesBuildPhase section */

/* Begin PBXSourcesBuildPhase section */
		32E753E32A3E772C0083E342 /* Sources */ = {
			isa = PBXSourcesBuildPhase;
			buildActionMask = 2147483647;
			files = (
				32E7541D2A3FD9AA0083E342 /* Fruit.swift in Sources */,
				32ADBE722A46676900040157 /* ImageByName.swift in Sources */,
				32E7540F2A3F7D730083E342 /* MonthlyPayment.swift in Sources */,
				32E754222A3FF69B0083E342 /* WhoDoYouOweView.swift in Sources */,
				32E183842BB66DB200BC6D4A /* RegisterScreen.swift in Sources */,
				32ADBE462A4559B500040157 /* SmallLoan.swift in Sources */,
				32E754132A3F96D80083E342 /* HeaderView.swift in Sources */,
				32E183872BB673A700BC6D4A /* EnrollmentTopBar.swift in Sources */,
				32ADBE772A469E1800040157 /* ImageAndPersonNameView.swift in Sources */,
				32E754242A4004E00083E342 /* CustomComponents.swift in Sources */,
				32ADBE3F2A4551A100040157 /* CalculateSpentTopBar.swift in Sources */,
				32ADBE482A455A9300040157 /* Loan.swift in Sources */,
				32E754192A3F98090083E342 /* SectionMonthlyPaymentsView.swift in Sources */,
				32ADBE812A46B16A00040157 /* SuccessView.swift in Sources */,
				32E754172A3F97710083E342 /* OperationsView.swift in Sources */,
				32428BA32A4136DF0075D47B /* Utils.swift in Sources */,
				32ADBE7B2A46A0DA00040157 /* PaymentMethodsView.swift in Sources */,
				32ADBE832A46B17C00040157 /* FailureView.swift in Sources */,
				32E1838B2BB6785E00BC6D4A /* RegisterTopBar.swift in Sources */,
				32E754022A3E82A20083E342 /* GeneralComponents.swift in Sources */,
				32E754062A3F6EF50083E342 /* CustomTabBar.swift in Sources */,
				32ADBE792A469F9B00040157 /* AmountInformationView.swift in Sources */,
				32E754202A3FDA310083E342 /* FruitsViewModel.swift in Sources */,
				32ADBE7D2A46A19A00040157 /* DragConfirmButton.swift in Sources */,
				32E754082A3F7CBD0083E342 /* CalculateExpenseView.swift in Sources */,
				32ADBE752A469D8B00040157 /* DetailsHowMuchOweTopBar.swift in Sources */,
				32E753EB2A3E772C0083E342 /* ManuApp.swift in Sources */,
				32E183822BB6045B00BC6D4A /* EnrollmentScreen.swift in Sources */,
				32E754042A3EC5690083E342 /* Constants.swift in Sources */,
				32E7540A2A3F7CDC0083E342 /* BalanceView.swift in Sources */,
				32ADBE382A452D2300040157 /* KeybaordView.swift in Sources */,
				32ADBE3D2A45516700040157 /* AddSpentButton.swift in Sources */,
				32ADBE412A4551F600040157 /* CardCalculateAndInfoView.swift in Sources */,
				32E754152A3F974B0083E342 /* CardBalanceView.swift in Sources */,
				32ADBE442A4558A700040157 /* DetailsHowMuchOwe.swift in Sources */,
				32E183892BB676D700BC6D4A /* FormEnrollmentView.swift in Sources */,
				32ADBE3B2A45511900040157 /* CardValidateRiskView.swift in Sources */,
			);
			runOnlyForDeploymentPostprocessing = 0;
		};
/* End PBXSourcesBuildPhase section */

/* Begin XCBuildConfiguration section */
		32E753F32A3E772E0083E342 /* Debug */ = {
			isa = XCBuildConfiguration;
			buildSettings = {
				ALWAYS_SEARCH_USER_PATHS = NO;
				CLANG_ANALYZER_NONNULL = YES;
				CLANG_ANALYZER_NUMBER_OBJECT_CONVERSION = YES_AGGRESSIVE;
				CLANG_CXX_LANGUAGE_STANDARD = "gnu++20";
				CLANG_ENABLE_MODULES = YES;
				CLANG_ENABLE_OBJC_ARC = YES;
				CLANG_ENABLE_OBJC_WEAK = YES;
				CLANG_WARN_BLOCK_CAPTURE_AUTORELEASING = YES;
				CLANG_WARN_BOOL_CONVERSION = YES;
				CLANG_WARN_COMMA = YES;
				CLANG_WARN_CONSTANT_CONVERSION = YES;
				CLANG_WARN_DEPRECATED_OBJC_IMPLEMENTATIONS = YES;
				CLANG_WARN_DIRECT_OBJC_ISA_USAGE = YES_ERROR;
				CLANG_WARN_DOCUMENTATION_COMMENTS = YES;
				CLANG_WARN_EMPTY_BODY = YES;
				CLANG_WARN_ENUM_CONVERSION = YES;
				CLANG_WARN_INFINITE_RECURSION = YES;
				CLANG_WARN_INT_CONVERSION = YES;
				CLANG_WARN_NON_LITERAL_NULL_CONVERSION = YES;
				CLANG_WARN_OBJC_IMPLICIT_RETAIN_SELF = YES;
				CLANG_WARN_OBJC_LITERAL_CONVERSION = YES;
				CLANG_WARN_OBJC_ROOT_CLASS = YES_ERROR;
				CLANG_WARN_QUOTED_INCLUDE_IN_FRAMEWORK_HEADER = YES;
				CLANG_WARN_RANGE_LOOP_ANALYSIS = YES;
				CLANG_WARN_STRICT_PROTOTYPES = YES;
				CLANG_WARN_SUSPICIOUS_MOVE = YES;
				CLANG_WARN_UNGUARDED_AVAILABILITY = YES_AGGRESSIVE;
				CLANG_WARN_UNREACHABLE_CODE = YES;
				CLANG_WARN__DUPLICATE_METHOD_MATCH = YES;
				COPY_PHASE_STRIP = NO;
				DEBUG_INFORMATION_FORMAT = dwarf;
				ENABLE_STRICT_OBJC_MSGSEND = YES;
				ENABLE_TESTABILITY = YES;
				GCC_C_LANGUAGE_STANDARD = gnu11;
				GCC_DYNAMIC_NO_PIC = NO;
				GCC_NO_COMMON_BLOCKS = YES;
				GCC_OPTIMIZATION_LEVEL = 0;
				GCC_PREPROCESSOR_DEFINITIONS = (
					"DEBUG=1",
					"$(inherited)",
				);
				GCC_WARN_64_TO_32_BIT_CONVERSION = YES;
				GCC_WARN_ABOUT_RETURN_TYPE = YES_ERROR;
				GCC_WARN_UNDECLARED_SELECTOR = YES;
				GCC_WARN_UNINITIALIZED_AUTOS = YES_AGGRESSIVE;
				GCC_WARN_UNUSED_FUNCTION = YES;
				GCC_WARN_UNUSED_VARIABLE = YES;
				IPHONEOS_DEPLOYMENT_TARGET = 16.4;
				MTL_ENABLE_DEBUG_INFO = INCLUDE_SOURCE;
				MTL_FAST_MATH = YES;
				ONLY_ACTIVE_ARCH = YES;
				SDKROOT = iphoneos;
				SWIFT_ACTIVE_COMPILATION_CONDITIONS = DEBUG;
				SWIFT_OPTIMIZATION_LEVEL = "-Onone";
			};
			name = Debug;
		};
		32E753F42A3E772E0083E342 /* Release */ = {
			isa = XCBuildConfiguration;
			buildSettings = {
				ALWAYS_SEARCH_USER_PATHS = NO;
				CLANG_ANALYZER_NONNULL = YES;
				CLANG_ANALYZER_NUMBER_OBJECT_CONVERSION = YES_AGGRESSIVE;
				CLANG_CXX_LANGUAGE_STANDARD = "gnu++20";
				CLANG_ENABLE_MODULES = YES;
				CLANG_ENABLE_OBJC_ARC = YES;
				CLANG_ENABLE_OBJC_WEAK = YES;
				CLANG_WARN_BLOCK_CAPTURE_AUTORELEASING = YES;
				CLANG_WARN_BOOL_CONVERSION = YES;
				CLANG_WARN_COMMA = YES;
				CLANG_WARN_CONSTANT_CONVERSION = YES;
				CLANG_WARN_DEPRECATED_OBJC_IMPLEMENTATIONS = YES;
				CLANG_WARN_DIRECT_OBJC_ISA_USAGE = YES_ERROR;
				CLANG_WARN_DOCUMENTATION_COMMENTS = YES;
				CLANG_WARN_EMPTY_BODY = YES;
				CLANG_WARN_ENUM_CONVERSION = YES;
				CLANG_WARN_INFINITE_RECURSION = YES;
				CLANG_WARN_INT_CONVERSION = YES;
				CLANG_WARN_NON_LITERAL_NULL_CONVERSION = YES;
				CLANG_WARN_OBJC_IMPLICIT_RETAIN_SELF = YES;
				CLANG_WARN_OBJC_LITERAL_CONVERSION = YES;
				CLANG_WARN_OBJC_ROOT_CLASS = YES_ERROR;
				CLANG_WARN_QUOTED_INCLUDE_IN_FRAMEWORK_HEADER = YES;
				CLANG_WARN_RANGE_LOOP_ANALYSIS = YES;
				CLANG_WARN_STRICT_PROTOTYPES = YES;
				CLANG_WARN_SUSPICIOUS_MOVE = YES;
				CLANG_WARN_UNGUARDED_AVAILABILITY = YES_AGGRESSIVE;
				CLANG_WARN_UNREACHABLE_CODE = YES;
				CLANG_WARN__DUPLICATE_METHOD_MATCH = YES;
				COPY_PHASE_STRIP = NO;
				DEBUG_INFORMATION_FORMAT = "dwarf-with-dsym";
				ENABLE_NS_ASSERTIONS = NO;
				ENABLE_STRICT_OBJC_MSGSEND = YES;
				GCC_C_LANGUAGE_STANDARD = gnu11;
				GCC_NO_COMMON_BLOCKS = YES;
				GCC_WARN_64_TO_32_BIT_CONVERSION = YES;
				GCC_WARN_ABOUT_RETURN_TYPE = YES_ERROR;
				GCC_WARN_UNDECLARED_SELECTOR = YES;
				GCC_WARN_UNINITIALIZED_AUTOS = YES_AGGRESSIVE;
				GCC_WARN_UNUSED_FUNCTION = YES;
				GCC_WARN_UNUSED_VARIABLE = YES;
				IPHONEOS_DEPLOYMENT_TARGET = 16.4;
				MTL_ENABLE_DEBUG_INFO = NO;
				MTL_FAST_MATH = YES;
				SDKROOT = iphoneos;
				SWIFT_COMPILATION_MODE = wholemodule;
				SWIFT_OPTIMIZATION_LEVEL = "-O";
				VALIDATE_PRODUCT = YES;
			};
			name = Release;
		};
		32E753F62A3E772E0083E342 /* Debug */ = {
			isa = XCBuildConfiguration;
			buildSettings = {
				ASSETCATALOG_COMPILER_APPICON_NAME = AppIcon;
				ASSETCATALOG_COMPILER_GLOBAL_ACCENT_COLOR_NAME = AccentColor;
				CODE_SIGN_STYLE = Automatic;
				CURRENT_PROJECT_VERSION = 1;
				DEVELOPMENT_ASSET_PATHS = "\"Manu/Preview Content\"";
				DEVELOPMENT_TEAM = X27859B825;
				ENABLE_PREVIEWS = YES;
				GENERATE_INFOPLIST_FILE = YES;
				INFOPLIST_FILE = Manu/Info.plist;
				INFOPLIST_KEY_UIApplicationSceneManifest_Generation = YES;
				INFOPLIST_KEY_UIApplicationSupportsIndirectInputEvents = YES;
				INFOPLIST_KEY_UILaunchScreen_Generation = YES;
				INFOPLIST_KEY_UISupportedInterfaceOrientations_iPad = "UIInterfaceOrientationPortrait UIInterfaceOrientationPortraitUpsideDown UIInterfaceOrientationLandscapeLeft UIInterfaceOrientationLandscapeRight";
				INFOPLIST_KEY_UISupportedInterfaceOrientations_iPhone = "UIInterfaceOrientationPortrait UIInterfaceOrientationLandscapeLeft UIInterfaceOrientationLandscapeRight";
				LD_RUNPATH_SEARCH_PATHS = (
					"$(inherited)",
					"@executable_path/Frameworks",
				);
				MARKETING_VERSION = 1.0;
				PRODUCT_BUNDLE_IDENTIFIER = com.evaldezz.Manu;
				PRODUCT_NAME = "$(TARGET_NAME)";
				SWIFT_EMIT_LOC_STRINGS = YES;
				SWIFT_VERSION = 5.0;
				TARGETED_DEVICE_FAMILY = "1,2";
			};
			name = Debug;
		};
		32E753F72A3E772E0083E342 /* Release */ = {
			isa = XCBuildConfiguration;
			buildSettings = {
				ASSETCATALOG_COMPILER_APPICON_NAME = AppIcon;
				ASSETCATALOG_COMPILER_GLOBAL_ACCENT_COLOR_NAME = AccentColor;
				CODE_SIGN_STYLE = Automatic;
				CURRENT_PROJECT_VERSION = 1;
				DEVELOPMENT_ASSET_PATHS = "\"Manu/Preview Content\"";
				DEVELOPMENT_TEAM = X27859B825;
				ENABLE_PREVIEWS = YES;
				GENERATE_INFOPLIST_FILE = YES;
				INFOPLIST_FILE = Manu/Info.plist;
				INFOPLIST_KEY_UIApplicationSceneManifest_Generation = YES;
				INFOPLIST_KEY_UIApplicationSupportsIndirectInputEvents = YES;
				INFOPLIST_KEY_UILaunchScreen_Generation = YES;
				INFOPLIST_KEY_UISupportedInterfaceOrientations_iPad = "UIInterfaceOrientationPortrait UIInterfaceOrientationPortraitUpsideDown UIInterfaceOrientationLandscapeLeft UIInterfaceOrientationLandscapeRight";
				INFOPLIST_KEY_UISupportedInterfaceOrientations_iPhone = "UIInterfaceOrientationPortrait UIInterfaceOrientationLandscapeLeft UIInterfaceOrientationLandscapeRight";
				LD_RUNPATH_SEARCH_PATHS = (
					"$(inherited)",
					"@executable_path/Frameworks",
				);
				MARKETING_VERSION = 1.0;
				PRODUCT_BUNDLE_IDENTIFIER = com.evaldezz.Manu;
				PRODUCT_NAME = "$(TARGET_NAME)";
				SWIFT_EMIT_LOC_STRINGS = YES;
				SWIFT_VERSION = 5.0;
				TARGETED_DEVICE_FAMILY = "1,2";
			};
			name = Release;
		};
/* End XCBuildConfiguration section */

/* Begin XCConfigurationList section */
		32E753E22A3E772C0083E342 /* Build configuration list for PBXProject "Manu" */ = {
			isa = XCConfigurationList;
			buildConfigurations = (
				32E753F32A3E772E0083E342 /* Debug */,
				32E753F42A3E772E0083E342 /* Release */,
			);
			defaultConfigurationIsVisible = 0;
			defaultConfigurationName = Release;
		};
		32E753F52A3E772E0083E342 /* Build configuration list for PBXNativeTarget "Manu" */ = {
			isa = XCConfigurationList;
			buildConfigurations = (
				32E753F62A3E772E0083E342 /* Debug */,
				32E753F72A3E772E0083E342 /* Release */,
			);
			defaultConfigurationIsVisible = 0;
			defaultConfigurationName = Release;
		};
/* End XCConfigurationList section */
	};
	rootObject = 32E753DF2A3E772C0083E342 /* Project object */;
}
